
Microsoft Visual Studio Solution File, Format Version 12.00
# Visual Studio Version 17
VisualStudioVersion = 17.13.35825.156 d17.13
MinimumVisualStudioVersion = 10.0.40219.1
Project("{FAE04EC0-301F-11D3-BF4B-00C04F79EFBC}") = "WebApplication1", "WebApplication1.csproj", "{C67E7D31-4783-4C3A-A842-A94DE626192A}"
EndProject
Global
	GlobalSection(SolutionConfigurationPlatforms) = preSolution
		Debug|Any CPU = Debug|Any CPU
		Release|Any CPU = Release|Any CPU
	EndGlobalSection
	GlobalSection(ProjectConfigurationPlatforms) = postSolution
		{C67E7D31-4783-4C3A-A842-A94DE626192A}.Debug|Any CPU.ActiveCfg = Debug|Any CPU
		{C67E7D31-4783-4C3A-A842-A94DE626192A}.Debug|Any CPU.Build.0 = Debug|Any CPU
		{C67E7D31-4783-4C3A-A842-A94DE626192A}.Release|Any CPU.ActiveCfg = Release|Any CPU
		{C67E7D31-4783-4C3A-A842-A94DE626192A}.Release|Any CPU.Build.0 = Release|Any CPU
	EndGlobalSection
	GlobalSection(SolutionProperties) = preSolution
		HideSolutionNode = FALSE
	EndGlobalSection
	GlobalSection(ExtensibilityGlobals) = postSolution
		SolutionGuid = {B71B93DF-B07E-43B0-892F-91036E69D9D8}
	EndGlobalSection
EndGlobal
